// !$*UTF8*$!
{
	archiveVersion = 1;
	classes = {
	};
	objectVersion = 77;
	objects = {

/* Begin PBXBuildFile section */
		DCF8DE7E2EFA29AC00CEB77B /* PreviewGallery in Frameworks */ = {isa = PBXBuildFile; productRef = DCF8DE7D2EFA29AC00CEB77B /* PreviewGallery */; };
		DCF8DE812EFA29DA00CEB77B /* IronComponents in Frameworks */ = {isa = PBXBuildFile; productRef = DCF8DE802EFA29DA00CEB77B /* IronComponents */; };
		DCF8DE832EFA29DA00CEB77B /* IronCore in Frameworks */ = {isa = PBXBuildFile; productRef = DCF8DE822EFA29DA00CEB77B /* IronCore */; };
		DCF8DE852EFA29DA00CEB77B /* IronDataDisplay in Frameworks */ = {isa = PBXBuildFile; productRef = DCF8DE842EFA29DA00CEB77B /* IronDataDisplay */; };
		DCF8DE872EFA29DA00CEB77B /* IronForms in Frameworks */ = {isa = PBXBuildFile; productRef = DCF8DE862EFA29DA00CEB77B /* IronForms */; };
		DCF8DE8B2EFA29DA00CEB77B /* IronLayouts in Frameworks */ = {isa = PBXBuildFile; productRef = DCF8DE8A2EFA29DA00CEB77B /* IronLayouts */; };
		DCF8DE8D2EFA29DA00CEB77B /* IronNavigation in Frameworks */ = {isa = PBXBuildFile; productRef = DCF8DE8C2EFA29DA00CEB77B /* IronNavigation */; };
		DCF8DE8F2EFA29DA00CEB77B /* IronPrimitives in Frameworks */ = {isa = PBXBuildFile; productRef = DCF8DE8E2EFA29DA00CEB77B /* IronPrimitives */; };
		DCF8DE912EFA29DA00CEB77B /* IronUI in Frameworks */ = {isa = PBXBuildFile; productRef = DCF8DE902EFA29DA00CEB77B /* IronUI */; };
/* End PBXBuildFile section */

/* Begin PBXContainerItemProxy section */
		DCF8DE602EFA295300CEB77B /* PBXContainerItemProxy */ = {
			isa = PBXContainerItemProxy;
			containerPortal = DCF8DE4A2EFA295200CEB77B /* Project object */;
			proxyType = 1;
			remoteGlobalIDString = DCF8DE512EFA295200CEB77B;
			remoteInfo = Sample;
		};
		DCF8DE6A2EFA295300CEB77B /* PBXContainerItemProxy */ = {
			isa = PBXContainerItemProxy;
			containerPortal = DCF8DE4A2EFA295200CEB77B /* Project object */;
			proxyType = 1;
			remoteGlobalIDString = DCF8DE512EFA295200CEB77B;
			remoteInfo = Sample;
		};
/* End PBXContainerItemProxy section */

/* Begin PBXFileReference section */
		DCF8DE522EFA295200CEB77B /* Sample.app */ = {isa = PBXFileReference; explicitFileType = wrapper.application; includeInIndex = 0; path = Sample.app; sourceTree = BUILT_PRODUCTS_DIR; };
		DCF8DE5F2EFA295300CEB77B /* SampleTests.xctest */ = {isa = PBXFileReference; explicitFileType = wrapper.cfbundle; includeInIndex = 0; path = SampleTests.xctest; sourceTree = BUILT_PRODUCTS_DIR; };
		DCF8DE692EFA295300CEB77B /* SampleUITests.xctest */ = {isa = PBXFileReference; explicitFileType = wrapper.cfbundle; includeInIndex = 0; path = SampleUITests.xctest; sourceTree = BUILT_PRODUCTS_DIR; };
/* End PBXFileReference section */

/* Begin PBXFileSystemSynchronizedRootGroup section */
		DCF8DE542EFA295200CEB77B /* Sample */ = {
			isa = PBXFileSystemSynchronizedRootGroup;
			path = Sample;
			sourceTree = "<group>";
		};
		DCF8DE622EFA295300CEB77B /* SampleTests */ = {
			isa = PBXFileSystemSynchronizedRootGroup;
			path = SampleTests;
			sourceTree = "<group>";
		};
		DCF8DE6C2EFA295300CEB77B /* SampleUITests */ = {
			isa = PBXFileSystemSynchronizedRootGroup;
			path = SampleUITests;
			sourceTree = "<group>";
		};
/* End PBXFileSystemSynchronizedRootGroup section */

/* Begin PBXFrameworksBuildPhase section */
		DCF8DE4F2EFA295200CEB77B /* Frameworks */ = {
			isa = PBXFrameworksBuildPhase;
			buildActionMask = 2147483647;
			files = (
				DCF8DE912EFA29DA00CEB77B /* IronUI in Frameworks */,
				DCF8DE8F2EFA29DA00CEB77B /* IronPrimitives in Frameworks */,
				DCF8DE812EFA29DA00CEB77B /* IronComponents in Frameworks */,
				DCF8DE832EFA29DA00CEB77B /* IronCore in Frameworks */,
				DCF8DE872EFA29DA00CEB77B /* IronForms in Frameworks */,
				DCF8DE7E2EFA29AC00CEB77B /* PreviewGallery in Frameworks */,
				DCF8DE852EFA29DA00CEB77B /* IronDataDisplay in Frameworks */,
				DCF8DE8D2EFA29DA00CEB77B /* IronNavigation in Frameworks */,
				DCF8DE8B2EFA29DA00CEB77B /* IronLayouts in Frameworks */,
			);
			runOnlyForDeploymentPostprocessing = 0;
		};
		DCF8DE5C2EFA295300CEB77B /* Frameworks */ = {
			isa = PBXFrameworksBuildPhase;
			buildActionMask = 2147483647;
			files = (
			);
			runOnlyForDeploymentPostprocessing = 0;
		};
		DCF8DE662EFA295300CEB77B /* Frameworks */ = {
			isa = PBXFrameworksBuildPhase;
			buildActionMask = 2147483647;
			files = (
			);
			runOnlyForDeploymentPostprocessing = 0;
		};
/* End PBXFrameworksBuildPhase section */

/* Begin PBXGroup section */
		DCF8DE492EFA295200CEB77B = {
			isa = PBXGroup;
			children = (
				DCF8DE542EFA295200CEB77B /* Sample */,
				DCF8DE622EFA295300CEB77B /* SampleTests */,
				DCF8DE6C2EFA295300CEB77B /* SampleUITests */,
				DCF8DE532EFA295200CEB77B /* Products */,
			);
			sourceTree = "<group>";
		};
		DCF8DE532EFA295200CEB77B /* Products */ = {
			isa = PBXGroup;
			children = (
				DCF8DE522EFA295200CEB77B /* Sample.app */,
				DCF8DE5F2EFA295300CEB77B /* SampleTests.xctest */,
				DCF8DE692EFA295300CEB77B /* SampleUITests.xctest */,
			);
			name = Products;
			sourceTree = "<group>";
		};
/* End PBXGroup section */

/* Begin PBXNativeTarget section */
		DCF8DE512EFA295200CEB77B /* Sample */ = {
			isa = PBXNativeTarget;
			buildConfigurationList = DCF8DE732EFA295300CEB77B /* Build configuration list for PBXNativeTarget "Sample" */;
			buildPhases = (
				DCF8DE4E2EFA295200CEB77B /* Sources */,
				DCF8DE4F2EFA295200CEB77B /* Frameworks */,
				DCF8DE502EFA295200CEB77B /* Resources */,
			);
			buildRules = (
			);
			dependencies = (
			);
			fileSystemSynchronizedGroups = (
				DCF8DE542EFA295200CEB77B /* Sample */,
			);
			name = Sample;
			packageProductDependencies = (
				DCF8DE7D2EFA29AC00CEB77B /* PreviewGallery */,
				DCF8DE802EFA29DA00CEB77B /* IronComponents */,
				DCF8DE822EFA29DA00CEB77B /* IronCore */,
				DCF8DE842EFA29DA00CEB77B /* IronDataDisplay */,
				DCF8DE862EFA29DA00CEB77B /* IronForms */,
				DCF8DE8A2EFA29DA00CEB77B /* IronLayouts */,
				DCF8DE8C2EFA29DA00CEB77B /* IronNavigation */,
				DCF8DE8E2EFA29DA00CEB77B /* IronPrimitives */,
				DCF8DE902EFA29DA00CEB77B /* IronUI */,
			);
			productName = Sample;
			productReference = DCF8DE522EFA295200CEB77B /* Sample.app */;
			productType = "com.apple.product-type.application";
		};
		DCF8DE5E2EFA295300CEB77B /* SampleTests */ = {
			isa = PBXNativeTarget;
			buildConfigurationList = DCF8DE762EFA295300CEB77B /* Build configuration list for PBXNativeTarget "SampleTests" */;
			buildPhases = (
				DCF8DE5B2EFA295300CEB77B /* Sources */,
				DCF8DE5C2EFA295300CEB77B /* Frameworks */,
				DCF8DE5D2EFA295300CEB77B /* Resources */,
			);
			buildRules = (
			);
			dependencies = (
				DCF8DE612EFA295300CEB77B /* PBXTargetDependency */,
			);
			fileSystemSynchronizedGroups = (
				DCF8DE622EFA295300CEB77B /* SampleTests */,
			);
			name = SampleTests;
			packageProductDependencies = (
			);
			productName = SampleTests;
			productReference = DCF8DE5F2EFA295300CEB77B /* SampleTests.xctest */;
			productType = "com.apple.product-type.bundle.unit-test";
		};
		DCF8DE682EFA295300CEB77B /* SampleUITests */ = {
			isa = PBXNativeTarget;
			buildConfigurationList = DCF8DE792EFA295300CEB77B /* Build configuration list for PBXNativeTarget "SampleUITests" */;
			buildPhases = (
				DCF8DE652EFA295300CEB77B /* Sources */,
				DCF8DE662EFA295300CEB77B /* Frameworks */,
				DCF8DE672EFA295300CEB77B /* Resources */,
			);
			buildRules = (
			);
			dependencies = (
				DCF8DE6B2EFA295300CEB77B /* PBXTargetDependency */,
			);
			fileSystemSynchronizedGroups = (
				DCF8DE6C2EFA295300CEB77B /* SampleUITests */,
			);
			name = SampleUITests;
			packageProductDependencies = (
			);
			productName = SampleUITests;
			productReference = DCF8DE692EFA295300CEB77B /* SampleUITests.xctest */;
			productType = "com.apple.product-type.bundle.ui-testing";
		};
/* End PBXNativeTarget section */

/* Begin PBXProject section */
		DCF8DE4A2EFA295200CEB77B /* Project object */ = {
			isa = PBXProject;
			attributes = {
				BuildIndependentTargetsInParallel = 1;
				LastSwiftUpdateCheck = 2620;
				LastUpgradeCheck = 2620;
				TargetAttributes = {
					DCF8DE512EFA295200CEB77B = {
						CreatedOnToolsVersion = 26.2;
					};
					DCF8DE5E2EFA295300CEB77B = {
						CreatedOnToolsVersion = 26.2;
						TestTargetID = DCF8DE512EFA295200CEB77B;
					};
					DCF8DE682EFA295300CEB77B = {
						CreatedOnToolsVersion = 26.2;
						TestTargetID = DCF8DE512EFA295200CEB77B;
					};
				};
			};
			buildConfigurationList = DCF8DE4D2EFA295200CEB77B /* Build configuration list for PBXProject "Sample" */;
			developmentRegion = en;
			hasScannedForEncodings = 0;
			knownRegions = (
				en,
				Base,
			);
			mainGroup = DCF8DE492EFA295200CEB77B;
			minimizedProjectReferenceProxies = 1;
			packageReferences = (
				DCF8DE7C2EFA29AC00CEB77B /* XCRemoteSwiftPackageReference "SnapshotPreviews" */,
				DCF8DE7F2EFA29DA00CEB77B /* XCLocalSwiftPackageReference "../../IronUI" */,
			);
			preferredProjectObjectVersion = 77;
			productRefGroup = DCF8DE532EFA295200CEB77B /* Products */;
			projectDirPath = "";
			projectRoot = "";
			targets = (
				DCF8DE512EFA295200CEB77B /* Sample */,
				DCF8DE5E2EFA295300CEB77B /* SampleTests */,
				DCF8DE682EFA295300CEB77B /* SampleUITests */,
			);
		};
/* End PBXProject section */

/* Begin PBXResourcesBuildPhase section */
		DCF8DE502EFA295200CEB77B /* Resources */ = {
			isa = PBXResourcesBuildPhase;
			buildActionMask = 2147483647;
			files = (
			);
			runOnlyForDeploymentPostprocessing = 0;
		};
		DCF8DE5D2EFA295300CEB77B /* Resources */ = {
			isa = PBXResourcesBuildPhase;
			buildActionMask = 2147483647;
			files = (
			);
			runOnlyForDeploymentPostprocessing = 0;
		};
		DCF8DE672EFA295300CEB77B /* Resources */ = {
			isa = PBXResourcesBuildPhase;
			buildActionMask = 2147483647;
			files = (
			);
			runOnlyForDeploymentPostprocessing = 0;
		};
/* End PBXResourcesBuildPhase section */

/* Begin PBXSourcesBuildPhase section */
		DCF8DE4E2EFA295200CEB77B /* Sources */ = {
			isa = PBXSourcesBuildPhase;
			buildActionMask = 2147483647;
			files = (
			);
			runOnlyForDeploymentPostprocessing = 0;
		};
		DCF8DE5B2EFA295300CEB77B /* Sources */ = {
			isa = PBXSourcesBuildPhase;
			buildActionMask = 2147483647;
			files = (
			);
			runOnlyForDeploymentPostprocessing = 0;
		};
		DCF8DE652EFA295300CEB77B /* Sources */ = {
			isa = PBXSourcesBuildPhase;
			buildActionMask = 2147483647;
			files = (
			);
			runOnlyForDeploymentPostprocessing = 0;
		};
/* End PBXSourcesBuildPhase section */

/* Begin PBXTargetDependency section */
		DCF8DE612EFA295300CEB77B /* PBXTargetDependency */ = {
			isa = PBXTargetDependency;
			target = DCF8DE512EFA295200CEB77B /* Sample */;
			targetProxy = DCF8DE602EFA295300CEB77B /* PBXContainerItemProxy */;
		};
		DCF8DE6B2EFA295300CEB77B /* PBXTargetDependency */ = {
			isa = PBXTargetDependency;
			target = DCF8DE512EFA295200CEB77B /* Sample */;
			targetProxy = DCF8DE6A2EFA295300CEB77B /* PBXContainerItemProxy */;
		};
/* End PBXTargetDependency section */

/* Begin XCBuildConfiguration section */
		DCF8DE712EFA295300CEB77B /* Debug */ = {
			isa = XCBuildConfiguration;
			buildSettings = {
				ALWAYS_SEARCH_USER_PATHS = NO;
				ASSETCATALOG_COMPILER_GENERATE_SWIFT_ASSET_SYMBOL_EXTENSIONS = YES;
				CLANG_ANALYZER_NONNULL = YES;
				CLANG_ANALYZER_NUMBER_OBJECT_CONVERSION = YES_AGGRESSIVE;
				CLANG_CXX_LANGUAGE_STANDARD = "gnu++20";
				CLANG_ENABLE_MODULES = YES;
				CLANG_ENABLE_OBJC_ARC = YES;
				CLANG_ENABLE_OBJC_WEAK = YES;
				CLANG_WARN_BLOCK_CAPTURE_AUTORELEASING = YES;
				CLANG_WARN_BOOL_CONVERSION = YES;
				CLANG_WARN_COMMA = YES;
				CLANG_WARN_CONSTANT_CONVERSION = YES;
				CLANG_WARN_DEPRECATED_OBJC_IMPLEMENTATIONS = YES;
				CLANG_WARN_DIRECT_OBJC_ISA_USAGE = YES_ERROR;
				CLANG_WARN_DOCUMENTATION_COMMENTS = YES;
				CLANG_WARN_EMPTY_BODY = YES;
				CLANG_WARN_ENUM_CONVERSION = YES;
				CLANG_WARN_INFINITE_RECURSION = YES;
				CLANG_WARN_INT_CONVERSION = YES;
				CLANG_WARN_NON_LITERAL_NULL_CONVERSION = YES;
				CLANG_WARN_OBJC_IMPLICIT_RETAIN_SELF = YES;
				CLANG_WARN_OBJC_LITERAL_CONVERSION = YES;
				CLANG_WARN_OBJC_ROOT_CLASS = YES_ERROR;
				CLANG_WARN_QUOTED_INCLUDE_IN_FRAMEWORK_HEADER = YES;
				CLANG_WARN_RANGE_LOOP_ANALYSIS = YES;
				CLANG_WARN_STRICT_PROTOTYPES = YES;
				CLANG_WARN_SUSPICIOUS_MOVE = YES;
				CLANG_WARN_UNGUARDED_AVAILABILITY = YES_AGGRESSIVE;
				CLANG_WARN_UNREACHABLE_CODE = YES;
				CLANG_WARN__DUPLICATE_METHOD_MATCH = YES;
				COPY_PHASE_STRIP = NO;
				DEBUG_INFORMATION_FORMAT = dwarf;
				DEVELOPMENT_TEAM = F4H8GRP7M4;
				ENABLE_STRICT_OBJC_MSGSEND = YES;
				ENABLE_TESTABILITY = YES;
				ENABLE_USER_SCRIPT_SANDBOXING = YES;
				GCC_C_LANGUAGE_STANDARD = gnu17;
				GCC_DYNAMIC_NO_PIC = NO;
				GCC_NO_COMMON_BLOCKS = YES;
				GCC_OPTIMIZATION_LEVEL = 0;
				GCC_PREPROCESSOR_DEFINITIONS = (
					"DEBUG=1",
					"$(inherited)",
				);
				GCC_WARN_64_TO_32_BIT_CONVERSION = YES;
				GCC_WARN_ABOUT_RETURN_TYPE = YES_ERROR;
				GCC_WARN_UNDECLARED_SELECTOR = YES;
				GCC_WARN_UNINITIALIZED_AUTOS = YES_AGGRESSIVE;
				GCC_WARN_UNUSED_FUNCTION = YES;
				GCC_WARN_UNUSED_VARIABLE = YES;
				IPHONEOS_DEPLOYMENT_TARGET = 26.2;
				LOCALIZATION_PREFERS_STRING_CATALOGS = YES;
				MACOSX_DEPLOYMENT_TARGET = 26.0;
				MTL_ENABLE_DEBUG_INFO = INCLUDE_SOURCE;
				MTL_FAST_MATH = YES;
				ONLY_ACTIVE_ARCH = YES;
				SDKROOT = auto;
				SUPPORTED_PLATFORMS = "iphoneos iphonesimulator macosx";
				SWIFT_ACTIVE_COMPILATION_CONDITIONS = "DEBUG $(inherited)";
				SWIFT_OPTIMIZATION_LEVEL = "-Onone";
			};
			name = Debug;
		};
		DCF8DE722EFA295300CEB77B /* Release */ = {
			isa = XCBuildConfiguration;
			buildSettings = {
				ALWAYS_SEARCH_USER_PATHS = NO;
				ASSETCATALOG_COMPILER_GENERATE_SWIFT_ASSET_SYMBOL_EXTENSIONS = YES;
				CLANG_ANALYZER_NONNULL = YES;
				CLANG_ANALYZER_NUMBER_OBJECT_CONVERSION = YES_AGGRESSIVE;
				CLANG_CXX_LANGUAGE_STANDARD = "gnu++20";
				CLANG_ENABLE_MODULES = YES;
				CLANG_ENABLE_OBJC_ARC = YES;
				CLANG_ENABLE_OBJC_WEAK = YES;
				CLANG_WARN_BLOCK_CAPTURE_AUTORELEASING = YES;
				CLANG_WARN_BOOL_CONVERSION = YES;
				CLANG_WARN_COMMA = YES;
				CLANG_WARN_CONSTANT_CONVERSION = YES;
				CLANG_WARN_DEPRECATED_OBJC_IMPLEMENTATIONS = YES;
				CLANG_WARN_DIRECT_OBJC_ISA_USAGE = YES_ERROR;
				CLANG_WARN_DOCUMENTATION_COMMENTS = YES;
				CLANG_WARN_EMPTY_BODY = YES;
				CLANG_WARN_ENUM_CONVERSION = YES;
				CLANG_WARN_INFINITE_RECURSION = YES;
				CLANG_WARN_INT_CONVERSION = YES;
				CLANG_WARN_NON_LITERAL_NULL_CONVERSION = YES;
				CLANG_WARN_OBJC_IMPLICIT_RETAIN_SELF = YES;
				CLANG_WARN_OBJC_LITERAL_CONVERSION = YES;
				CLANG_WARN_OBJC_ROOT_CLASS = YES_ERROR;
				CLANG_WARN_QUOTED_INCLUDE_IN_FRAMEWORK_HEADER = YES;
				CLANG_WARN_RANGE_LOOP_ANALYSIS = YES;
				CLANG_WARN_STRICT_PROTOTYPES = YES;
				CLANG_WARN_SUSPICIOUS_MOVE = YES;
				CLANG_WARN_UNGUARDED_AVAILABILITY = YES_AGGRESSIVE;
				CLANG_WARN_UNREACHABLE_CODE = YES;
				CLANG_WARN__DUPLICATE_METHOD_MATCH = YES;
				COPY_PHASE_STRIP = NO;
				DEBUG_INFORMATION_FORMAT = "dwarf-with-dsym";
				DEVELOPMENT_TEAM = F4H8GRP7M4;
				ENABLE_NS_ASSERTIONS = NO;
				ENABLE_STRICT_OBJC_MSGSEND = YES;
				ENABLE_USER_SCRIPT_SANDBOXING = YES;
				GCC_C_LANGUAGE_STANDARD = gnu17;
				GCC_NO_COMMON_BLOCKS = YES;
				GCC_WARN_64_TO_32_BIT_CONVERSION = YES;
				GCC_WARN_ABOUT_RETURN_TYPE = YES_ERROR;
				GCC_WARN_UNDECLARED_SELECTOR = YES;
				GCC_WARN_UNINITIALIZED_AUTOS = YES_AGGRESSIVE;
				GCC_WARN_UNUSED_FUNCTION = YES;
				GCC_WARN_UNUSED_VARIABLE = YES;
				IPHONEOS_DEPLOYMENT_TARGET = 26.2;
				LOCALIZATION_PREFERS_STRING_CATALOGS = YES;
				MACOSX_DEPLOYMENT_TARGET = 26.0;
				MTL_ENABLE_DEBUG_INFO = NO;
				MTL_FAST_MATH = YES;
				SDKROOT = auto;
				SUPPORTED_PLATFORMS = "iphoneos iphonesimulator macosx";
				SWIFT_COMPILATION_MODE = wholemodule;
				VALIDATE_PRODUCT = YES;
			};
			name = Release;
		};
		DCF8DE742EFA295300CEB77B /* Debug */ = {
			isa = XCBuildConfiguration;
			buildSettings = {
				ASSETCATALOG_COMPILER_APPICON_NAME = AppIcon;
				ASSETCATALOG_COMPILER_GLOBAL_ACCENT_COLOR_NAME = AccentColor;
				CODE_SIGN_STYLE = Automatic;
				CURRENT_PROJECT_VERSION = 1;
				DEVELOPMENT_TEAM = F4H8GRP7M4;
				ENABLE_PREVIEWS = YES;
				GENERATE_INFOPLIST_FILE = YES;
				INFOPLIST_KEY_UIApplicationSceneManifest_Generation = YES;
				INFOPLIST_KEY_UIApplicationSupportsIndirectInputEvents = YES;
				INFOPLIST_KEY_UILaunchScreen_Generation = YES;
				INFOPLIST_KEY_UISupportedInterfaceOrientations_iPad = "UIInterfaceOrientationPortrait UIInterfaceOrientationPortraitUpsideDown UIInterfaceOrientationLandscapeLeft UIInterfaceOrientationLandscapeRight";
				INFOPLIST_KEY_UISupportedInterfaceOrientations_iPhone = "UIInterfaceOrientationPortrait UIInterfaceOrientationLandscapeLeft UIInterfaceOrientationLandscapeRight";
				LD_RUNPATH_SEARCH_PATHS = (
					"$(inherited)",
					"@executable_path/Frameworks",
				);
				MARKETING_VERSION = 1.0;
				PRODUCT_BUNDLE_IDENTIFIER = "Iron-Ham-Industries.Sample";
				PRODUCT_NAME = "$(TARGET_NAME)";
				STRING_CATALOG_GENERATE_SYMBOLS = YES;
				SWIFT_APPROACHABLE_CONCURRENCY = YES;
				SWIFT_DEFAULT_ACTOR_ISOLATION = MainActor;
				SWIFT_EMIT_LOC_STRINGS = YES;
				SWIFT_UPCOMING_FEATURE_MEMBER_IMPORT_VISIBILITY = YES;
				SUPPORTS_MACCATALYST = NO;
				SUPPORTS_MAC_DESIGNED_FOR_IPHONE_IPAD = NO;
				SWIFT_VERSION = 5.0;
				TARGETED_DEVICE_FAMILY = "1,2";
			};
			name = Debug;
		};
		DCF8DE752EFA295300CEB77B /* Release */ = {
			isa = XCBuildConfiguration;
			buildSettings = {
				ASSETCATALOG_COMPILER_APPICON_NAME = AppIcon;
				ASSETCATALOG_COMPILER_GLOBAL_ACCENT_COLOR_NAME = AccentColor;
				CODE_SIGN_STYLE = Automatic;
				CURRENT_PROJECT_VERSION = 1;
				DEVELOPMENT_TEAM = F4H8GRP7M4;
				ENABLE_PREVIEWS = YES;
				GENERATE_INFOPLIST_FILE = YES;
				INFOPLIST_KEY_UIApplicationSceneManifest_Generation = YES;
				INFOPLIST_KEY_UIApplicationSupportsIndirectInputEvents = YES;
				INFOPLIST_KEY_UILaunchScreen_Generation = YES;
				INFOPLIST_KEY_UISupportedInterfaceOrientations_iPad = "UIInterfaceOrientationPortrait UIInterfaceOrientationPortraitUpsideDown UIInterfaceOrientationLandscapeLeft UIInterfaceOrientationLandscapeRight";
				INFOPLIST_KEY_UISupportedInterfaceOrientations_iPhone = "UIInterfaceOrientationPortrait UIInterfaceOrientationLandscapeLeft UIInterfaceOrientationLandscapeRight";
				LD_RUNPATH_SEARCH_PATHS = (
					"$(inherited)",
					"@executable_path/Frameworks",
				);
				MARKETING_VERSION = 1.0;
				PRODUCT_BUNDLE_IDENTIFIER = "Iron-Ham-Industries.Sample";
				PRODUCT_NAME = "$(TARGET_NAME)";
				STRING_CATALOG_GENERATE_SYMBOLS = YES;
				SUPPORTS_MACCATALYST = NO;
				SUPPORTS_MAC_DESIGNED_FOR_IPHONE_IPAD = NO;
				SWIFT_APPROACHABLE_CONCURRENCY = YES;
				SWIFT_DEFAULT_ACTOR_ISOLATION = MainActor;
				SWIFT_EMIT_LOC_STRINGS = YES;
				SWIFT_UPCOMING_FEATURE_MEMBER_IMPORT_VISIBILITY = YES;
				SWIFT_VERSION = 5.0;
				TARGETED_DEVICE_FAMILY = "1,2";
			};
			name = Release;
		};
		DCF8DE772EFA295300CEB77B /* Debug */ = {
			isa = XCBuildConfiguration;
			buildSettings = {
				BUNDLE_LOADER = "$(TEST_HOST)";
				CODE_SIGN_STYLE = Automatic;
				CURRENT_PROJECT_VERSION = 1;
				DEVELOPMENT_TEAM = F4H8GRP7M4;
				GENERATE_INFOPLIST_FILE = YES;
				IPHONEOS_DEPLOYMENT_TARGET = 26.2;
				MARKETING_VERSION = 1.0;
				PRODUCT_BUNDLE_IDENTIFIER = "Iron-Ham-Industries.SampleTests";
				PRODUCT_NAME = "$(TARGET_NAME)";
				STRING_CATALOG_GENERATE_SYMBOLS = NO;
				SWIFT_APPROACHABLE_CONCURRENCY = YES;
				SWIFT_EMIT_LOC_STRINGS = NO;
				SWIFT_UPCOMING_FEATURE_MEMBER_IMPORT_VISIBILITY = YES;
				SWIFT_VERSION = 5.0;
				TARGETED_DEVICE_FAMILY = "1,2";
				TEST_HOST = "$(BUILT_PRODUCTS_DIR)/Sample.app/$(BUNDLE_EXECUTABLE_FOLDER_PATH)/Sample";
			};
			name = Debug;
		};
		DCF8DE782EFA295300CEB77B /* Release */ = {
			isa = XCBuildConfiguration;
			buildSettings = {
				BUNDLE_LOADER = "$(TEST_HOST)";
				CODE_SIGN_STYLE = Automatic;
				CURRENT_PROJECT_VERSION = 1;
				DEVELOPMENT_TEAM = F4H8GRP7M4;
				GENERATE_INFOPLIST_FILE = YES;
				IPHONEOS_DEPLOYMENT_TARGET = 26.2;
				MARKETING_VERSION = 1.0;
				PRODUCT_BUNDLE_IDENTIFIER = "Iron-Ham-Industries.SampleTests";
				PRODUCT_NAME = "$(TARGET_NAME)";
				STRING_CATALOG_GENERATE_SYMBOLS = NO;
				SWIFT_APPROACHABLE_CONCURRENCY = YES;
				SWIFT_EMIT_LOC_STRINGS = NO;
				SWIFT_UPCOMING_FEATURE_MEMBER_IMPORT_VISIBILITY = YES;
				SWIFT_VERSION = 5.0;
				TARGETED_DEVICE_FAMILY = "1,2";
				TEST_HOST = "$(BUILT_PRODUCTS_DIR)/Sample.app/$(BUNDLE_EXECUTABLE_FOLDER_PATH)/Sample";
			};
			name = Release;
		};
		DCF8DE7A2EFA295300CEB77B /* Debug */ = {
			isa = XCBuildConfiguration;
			buildSettings = {
				CODE_SIGN_STYLE = Automatic;
				CURRENT_PROJECT_VERSION = 1;
				DEVELOPMENT_TEAM = F4H8GRP7M4;
				GENERATE_INFOPLIST_FILE = YES;
				MARKETING_VERSION = 1.0;
				PRODUCT_BUNDLE_IDENTIFIER = "Iron-Ham-Industries.SampleUITests";
				PRODUCT_NAME = "$(TARGET_NAME)";
				STRING_CATALOG_GENERATE_SYMBOLS = NO;
				SWIFT_APPROACHABLE_CONCURRENCY = YES;
				SWIFT_EMIT_LOC_STRINGS = NO;
				SWIFT_UPCOMING_FEATURE_MEMBER_IMPORT_VISIBILITY = YES;
				SWIFT_VERSION = 5.0;
				TARGETED_DEVICE_FAMILY = "1,2";
				TEST_TARGET_NAME = Sample;
			};
			name = Debug;
		};
		DCF8DE7B2EFA295300CEB77B /* Release */ = {
			isa = XCBuildConfiguration;
			buildSettings = {
				CODE_SIGN_STYLE = Automatic;
				CURRENT_PROJECT_VERSION = 1;
				DEVELOPMENT_TEAM = F4H8GRP7M4;
				GENERATE_INFOPLIST_FILE = YES;
				MARKETING_VERSION = 1.0;
				PRODUCT_BUNDLE_IDENTIFIER = "Iron-Ham-Industries.SampleUITests";
				PRODUCT_NAME = "$(TARGET_NAME)";
				STRING_CATALOG_GENERATE_SYMBOLS = NO;
				SWIFT_APPROACHABLE_CONCURRENCY = YES;
				SWIFT_EMIT_LOC_STRINGS = NO;
				SWIFT_UPCOMING_FEATURE_MEMBER_IMPORT_VISIBILITY = YES;
				SWIFT_VERSION = 5.0;
				TARGETED_DEVICE_FAMILY = "1,2";
				TEST_TARGET_NAME = Sample;
			};
			name = Release;
		};
/* End XCBuildConfiguration section */

/* Begin XCConfigurationList section */
		DCF8DE4D2EFA295200CEB77B /* Build configuration list for PBXProject "Sample" */ = {
			isa = XCConfigurationList;
			buildConfigurations = (
				DCF8DE712EFA295300CEB77B /* Debug */,
				DCF8DE722EFA295300CEB77B /* Release */,
			);
			defaultConfigurationIsVisible = 0;
			defaultConfigurationName = Release;
		};
		DCF8DE732EFA295300CEB77B /* Build configuration list for PBXNativeTarget "Sample" */ = {
			isa = XCConfigurationList;
			buildConfigurations = (
				DCF8DE742EFA295300CEB77B /* Debug */,
				DCF8DE752EFA295300CEB77B /* Release */,
			);
			defaultConfigurationIsVisible = 0;
			defaultConfigurationName = Release;
		};
		DCF8DE762EFA295300CEB77B /* Build configuration list for PBXNativeTarget "SampleTests" */ = {
			isa = XCConfigurationList;
			buildConfigurations = (
				DCF8DE772EFA295300CEB77B /* Debug */,
				DCF8DE782EFA295300CEB77B /* Release */,
			);
			defaultConfigurationIsVisible = 0;
			defaultConfigurationName = Release;
		};
		DCF8DE792EFA295300CEB77B /* Build configuration list for PBXNativeTarget "SampleUITests" */ = {
			isa = XCConfigurationList;
			buildConfigurations = (
				DCF8DE7A2EFA295300CEB77B /* Debug */,
				DCF8DE7B2EFA295300CEB77B /* Release */,
			);
			defaultConfigurationIsVisible = 0;
			defaultConfigurationName = Release;
		};
/* End XCConfigurationList section */

/* Begin XCLocalSwiftPackageReference section */
		DCF8DE7F2EFA29DA00CEB77B /* XCLocalSwiftPackageReference "../../IronUI" */ = {
			isa = XCLocalSwiftPackageReference;
			relativePath = ../../IronUI;
		};
/* End XCLocalSwiftPackageReference section */

/* Begin XCRemoteSwiftPackageReference section */
		DCF8DE7C2EFA29AC00CEB77B /* XCRemoteSwiftPackageReference "SnapshotPreviews" */ = {
			isa = XCRemoteSwiftPackageReference;
			repositoryURL = "https://github.com/EmergeTools/SnapshotPreviews";
			requirement = {
				kind = upToNextMinorVersion;
				minimumVersion = 0.11.0;
			};
		};
/* End XCRemoteSwiftPackageReference section */

/* Begin XCSwiftPackageProductDependency section */
		DCF8DE7D2EFA29AC00CEB77B /* PreviewGallery */ = {
			isa = XCSwiftPackageProductDependency;
			package = DCF8DE7C2EFA29AC00CEB77B /* XCRemoteSwiftPackageReference "SnapshotPreviews" */;
			productName = PreviewGallery;
		};
		DCF8DE802EFA29DA00CEB77B /* IronComponents */ = {
			isa = XCSwiftPackageProductDependency;
			productName = IronComponents;
		};
		DCF8DE822EFA29DA00CEB77B /* IronCore */ = {
			isa = XCSwiftPackageProductDependency;
			productName = IronCore;
		};
		DCF8DE842EFA29DA00CEB77B /* IronDataDisplay */ = {
			isa = XCSwiftPackageProductDependency;
			productName = IronDataDisplay;
		};
		DCF8DE862EFA29DA00CEB77B /* IronForms */ = {
			isa = XCSwiftPackageProductDependency;
			productName = IronForms;
		};
		DCF8DE8A2EFA29DA00CEB77B /* IronLayouts */ = {
			isa = XCSwiftPackageProductDependency;
			productName = IronLayouts;
		};
		DCF8DE8C2EFA29DA00CEB77B /* IronNavigation */ = {
			isa = XCSwiftPackageProductDependency;
			productName = IronNavigation;
		};
		DCF8DE8E2EFA29DA00CEB77B /* IronPrimitives */ = {
			isa = XCSwiftPackageProductDependency;
			productName = IronPrimitives;
		};
		DCF8DE902EFA29DA00CEB77B /* IronUI */ = {
			isa = XCSwiftPackageProductDependency;
			productName = IronUI;
		};
/* End XCSwiftPackageProductDependency section */
	};
	rootObject = DCF8DE4A2EFA295200CEB77B /* Project object */;
}
